
Microsoft Visual Studio Solution File, Format Version 12.00
# Visual Studio Version 17
VisualStudioVersion = 17.1.32421.90
MinimumVisualStudioVersion = 10.0.40219.1
Project("{8BC9CEB8-8B4A-11D0-8D11-00A0C91BC942}") = "ServerCoreLibrary", "..\ServerCoreLibrary\ServerCoreLibrary\ServerCoreLibrary.vcxproj", "{CDAC0CFD-32A4-4045-83FD-02FC4717B3D8}"
EndProject
Project("{8BC9CEB8-8B4A-11D0-8D11-00A0C91BC942}") = "PhysicsEngine", "..\PhysicsEngine\PhysicsEngine.vcxproj", "{6B22E5E5-3355-46B1-8E3E-E4C707BF8D04}"
EndProject
Project("{8BC9CEB8-8B4A-11D0-8D11-00A0C91BC942}") = "TestProject", "TestProject\TestProject.vcxproj", "{0CAE9C41-7BEE-4E28-9812-4E8820918F69}"
EndProject
Project("{8BC9CEB8-8B4A-11D0-8D11-00A0C91BC942}") = "SharedPacket", "..\SharedPacket\SharedPacket\SharedPacket.vcxproj", "{BC9AE417-9C9A-4975-A51F-1B3CF8E35F7C}"
EndProject
Project("{8BC9CEB8-8B4A-11D0-8D11-00A0C91BC942}") = "AgentServer", "AgentServer\AgentServer.vcxproj", "{3A4D8A23-0788-4BF1-873A-8425474C3E09}"
EndProject
Global
	GlobalSection(SolutionConfigurationPlatforms) = preSolution
		Debug|x64 = Debug|x64
		Debug|x86 = Debug|x86
		Release|x64 = Release|x64
		Release|x86 = Release|x86
	EndGlobalSection
	GlobalSection(ProjectConfigurationPlatforms) = postSolution
		{CDAC0CFD-32A4-4045-83FD-02FC4717B3D8}.Debug|x64.ActiveCfg = Debug|x64
		{CDAC0CFD-32A4-4045-83FD-02FC4717B3D8}.Debug|x64.Build.0 = Debug|x64
		{CDAC0CFD-32A4-4045-83FD-02FC4717B3D8}.Debug|x86.ActiveCfg = Debug|Win32
		{CDAC0CFD-32A4-4045-83FD-02FC4717B3D8}.Debug|x86.Build.0 = Debug|Win32
		{CDAC0CFD-32A4-4045-83FD-02FC4717B3D8}.Release|x64.ActiveCfg = Release|x64
		{CDAC0CFD-32A4-4045-83FD-02FC4717B3D8}.Release|x64.Build.0 = Release|x64
		{CDAC0CFD-32A4-4045-83FD-02FC4717B3D8}.Release|x86.ActiveCfg = Release|Win32
		{CDAC0CFD-32A4-4045-83FD-02FC4717B3D8}.Release|x86.Build.0 = Release|Win32
		{6B22E5E5-3355-46B1-8E3E-E4C707BF8D04}.Debug|x64.ActiveCfg = Debug|x64
		{6B22E5E5-3355-46B1-8E3E-E4C707BF8D04}.Debug|x64.Build.0 = Debug|x64
		{6B22E5E5-3355-46B1-8E3E-E4C707BF8D04}.Debug|x86.ActiveCfg = Debug|Win32
		{6B22E5E5-3355-46B1-8E3E-E4C707BF8D04}.Debug|x86.Build.0 = Debug|Win32
		{6B22E5E5-3355-46B1-8E3E-E4C707BF8D04}.Release|x64.ActiveCfg = Release|x64
		{6B22E5E5-3355-46B1-8E3E-E4C707BF8D04}.Release|x64.Build.0 = Release|x64
		{6B22E5E5-3355-46B1-8E3E-E4C707BF8D04}.Release|x86.ActiveCfg = Release|Win32
		{6B22E5E5-3355-46B1-8E3E-E4C707BF8D04}.Release|x86.Build.0 = Release|Win32
		{0CAE9C41-7BEE-4E28-9812-4E8820918F69}.Debug|x64.ActiveCfg = Debug|x64
		{0CAE9C41-7BEE-4E28-9812-4E8820918F69}.Debug|x64.Build.0 = Debug|x64
		{0CAE9C41-7BEE-4E28-9812-4E8820918F69}.Debug|x86.ActiveCfg = Debug|Win32
		{0CAE9C41-7BEE-4E28-9812-4E8820918F69}.Debug|x86.Build.0 = Debug|Win32
		{0CAE9C41-7BEE-4E28-9812-4E8820918F69}.Release|x64.ActiveCfg = Release|x64
		{0CAE9C41-7BEE-4E28-9812-4E8820918F69}.Release|x64.Build.0 = Release|x64
		{0CAE9C41-7BEE-4E28-9812-4E8820918F69}.Release|x86.ActiveCfg = Release|Win32
		{0CAE9C41-7BEE-4E28-9812-4E8820918F69}.Release|x86.Build.0 = Release|Win32
		{BC9AE417-9C9A-4975-A51F-1B3CF8E35F7C}.Debug|x64.ActiveCfg = Debug|x64
		{BC9AE417-9C9A-4975-A51F-1B3CF8E35F7C}.Debug|x64.Build.0 = Debug|x64
		{BC9AE417-9C9A-4975-A51F-1B3CF8E35F7C}.Debug|x86.ActiveCfg = Debug|Win32
		{BC9AE417-9C9A-4975-A51F-1B3CF8E35F7C}.Debug|x86.Build.0 = Debug|Win32
		{BC9AE417-9C9A-4975-A51F-1B3CF8E35F7C}.Release|x64.ActiveCfg = Release|x64
		{BC9AE417-9C9A-4975-A51F-1B3CF8E35F7C}.Release|x64.Build.0 = Release|x64
		{BC9AE417-9C9A-4975-A51F-1B3CF8E35F7C}.Release|x86.ActiveCfg = Release|Win32
		{BC9AE417-9C9A-4975-A51F-1B3CF8E35F7C}.Release|x86.Build.0 = Release|Win32
		{3A4D8A23-0788-4BF1-873A-8425474C3E09}.Debug|x64.ActiveCfg = Debug|x64
		{3A4D8A23-0788-4BF1-873A-8425474C3E09}.Debug|x64.Build.0 = Debug|x64
		{3A4D8A23-0788-4BF1-873A-8425474C3E09}.Debug|x86.ActiveCfg = Debug|Win32
		{3A4D8A23-0788-4BF1-873A-8425474C3E09}.Debug|x86.Build.0 = Debug|Win32
		{3A4D8A23-0788-4BF1-873A-8425474C3E09}.Release|x64.ActiveCfg = Release|x64
		{3A4D8A23-0788-4BF1-873A-8425474C3E09}.Release|x64.Build.0 = Release|x64
		{3A4D8A23-0788-4BF1-873A-8425474C3E09}.Release|x86.ActiveCfg = Release|Win32
		{3A4D8A23-0788-4BF1-873A-8425474C3E09}.Release|x86.Build.0 = Release|Win32
	EndGlobalSection
	GlobalSection(SolutionProperties) = preSolution
		HideSolutionNode = FALSE
	EndGlobalSection
	GlobalSection(ExtensibilityGlobals) = postSolution
		SolutionGuid = {147403E1-BBC6-41D8-B9C1-13EAE9421FCE}
	EndGlobalSection
EndGlobal
